
Microsoft Visual Studio Solution File, Format Version 12.00
# Visual Studio Version 16
VisualStudioVersion = 16.0.30517.126
MinimumVisualStudioVersion = 10.0.40219.1
Project("{FAE04EC0-301F-11D3-BF4B-00C04F79EFBC}") = "Connection", "Connection\Connection.csproj", "{604D1839-B6E2-4735-828E-B46C6291C2D0}"
EndProject
Project("{FAE04EC0-301F-11D3-BF4B-00C04F79EFBC}") = "HangmanGameTests", "HangmanGameTests\HangmanGameTests.csproj", "{C130CA58-4D30-478C-9C9B-45FFFD59F929}"
EndProject
Project("{FAE04EC0-301F-11D3-BF4B-00C04F79EFBC}") = "HangmanGameService", "HangmanGameServices\HangmanGameService.csproj", "{660BF614-5E8D-424B-8ED2-A2F406AF93B6}"
EndProject
Global
	GlobalSection(SolutionConfigurationPlatforms) = preSolution
		Debug|Any CPU = Debug|Any CPU
		Release|Any CPU = Release|Any CPU
	EndGlobalSection
	GlobalSection(ProjectConfigurationPlatforms) = postSolution
		{604D1839-B6E2-4735-828E-B46C6291C2D0}.Debug|Any CPU.ActiveCfg = Debug|Any CPU
		{604D1839-B6E2-4735-828E-B46C6291C2D0}.Release|Any CPU.ActiveCfg = Release|Any CPU
		{604D1839-B6E2-4735-828E-B46C6291C2D0}.Release|Any CPU.Build.0 = Release|Any CPU
		{C130CA58-4D30-478C-9C9B-45FFFD59F929}.Debug|Any CPU.ActiveCfg = Debug|Any CPU
		{C130CA58-4D30-478C-9C9B-45FFFD59F929}.Debug|Any CPU.Build.0 = Debug|Any CPU
		{C130CA58-4D30-478C-9C9B-45FFFD59F929}.Release|Any CPU.ActiveCfg = Release|Any CPU
		{C130CA58-4D30-478C-9C9B-45FFFD59F929}.Release|Any CPU.Build.0 = Release|Any CPU
		{660BF614-5E8D-424B-8ED2-A2F406AF93B6}.Debug|Any CPU.ActiveCfg = Debug|Any CPU
		{660BF614-5E8D-424B-8ED2-A2F406AF93B6}.Debug|Any CPU.Build.0 = Debug|Any CPU
		{660BF614-5E8D-424B-8ED2-A2F406AF93B6}.Release|Any CPU.ActiveCfg = Release|Any CPU
		{660BF614-5E8D-424B-8ED2-A2F406AF93B6}.Release|Any CPU.Build.0 = Release|Any CPU
	EndGlobalSection
	GlobalSection(SolutionProperties) = preSolution
		HideSolutionNode = FALSE
	EndGlobalSection
	GlobalSection(ExtensibilityGlobals) = postSolution
		SolutionGuid = {4F1C0DB3-E557-4FA4-A1BA-CEA7EF37C6F5}
	EndGlobalSection
EndGlobal
